
Microsoft Visual Studio Solution File, Format Version 11.00
# Visual Studio 2010
Project("{8BC9CEB8-8B4A-11D0-8D11-00A0C91BC942}") = "GL_Laplace3", "GL_Laplace3.vcxproj", "{968A6847-91E6-4FD6-B74E-5CC8F94C143E}"
EndProject
Global
	GlobalSection(SolutionConfigurationPlatforms) = preSolution
		Debug|Win32 = Debug|Win32
		Release|Win32 = Release|Win32
	EndGlobalSection
	GlobalSection(ProjectConfigurationPlatforms) = postSolution
		{968A6847-91E6-4FD6-B74E-5CC8F94C143E}.Debug|Win32.ActiveCfg = Debug|Win32
		{968A6847-91E6-4FD6-B74E-5CC8F94C143E}.Debug|Win32.Build.0 = Debug|Win32
		{968A6847-91E6-4FD6-B74E-5CC8F94C143E}.Release|Win32.ActiveCfg = Release|Win32
		{968A6847-91E6-4FD6-B74E-5CC8F94C143E}.Release|Win32.Build.0 = Release|Win32
	EndGlobalSection
	GlobalSection(SolutionProperties) = preSolution
		HideSolutionNode = FALSE
	EndGlobalSection
EndGlobal
