
Microsoft Visual Studio Solution File, Format Version 11.00
# Visual Studio 2010
Project("{8BC9CEB8-8B4A-11D0-8D11-00A0C91BC942}") = "GP_Diffusion2D", "GP_Diffusion2D.vcxproj", "{9DBF306F-6F24-4DEA-A5D2-E53A778CFE77}"
EndProject
Global
	GlobalSection(SolutionConfigurationPlatforms) = preSolution
		Debug|Win32 = Debug|Win32
		Release|Win32 = Release|Win32
	EndGlobalSection
	GlobalSection(ProjectConfigurationPlatforms) = postSolution
		{9DBF306F-6F24-4DEA-A5D2-E53A778CFE77}.Debug|Win32.ActiveCfg = Debug|Win32
		{9DBF306F-6F24-4DEA-A5D2-E53A778CFE77}.Debug|Win32.Build.0 = Debug|Win32
		{9DBF306F-6F24-4DEA-A5D2-E53A778CFE77}.Release|Win32.ActiveCfg = Release|Win32
		{9DBF306F-6F24-4DEA-A5D2-E53A778CFE77}.Release|Win32.Build.0 = Release|Win32
	EndGlobalSection
	GlobalSection(SolutionProperties) = preSolution
		HideSolutionNode = FALSE
	EndGlobalSection
EndGlobal
