
Microsoft Visual Studio Solution File, Format Version 11.00
# Visual Studio 2010
Project("{8BC9CEB8-8B4A-11D0-8D11-00A0C91BC942}") = "GP_DuctPsiOmega1", "GP_DuctPsiOmega1.vcxproj", "{C36C74C6-B50E-40F0-9FEF-7DB22A5AAA33}"
EndProject
Global
	GlobalSection(SolutionConfigurationPlatforms) = preSolution
		Debug|Win32 = Debug|Win32
		Release|Win32 = Release|Win32
	EndGlobalSection
	GlobalSection(ProjectConfigurationPlatforms) = postSolution
		{C36C74C6-B50E-40F0-9FEF-7DB22A5AAA33}.Debug|Win32.ActiveCfg = Debug|Win32
		{C36C74C6-B50E-40F0-9FEF-7DB22A5AAA33}.Debug|Win32.Build.0 = Debug|Win32
		{C36C74C6-B50E-40F0-9FEF-7DB22A5AAA33}.Release|Win32.ActiveCfg = Release|Win32
		{C36C74C6-B50E-40F0-9FEF-7DB22A5AAA33}.Release|Win32.Build.0 = Release|Win32
	EndGlobalSection
	GlobalSection(SolutionProperties) = preSolution
		HideSolutionNode = FALSE
	EndGlobalSection
EndGlobal
